
Microsoft Visual Studio Solution File, Format Version 12.00
# Visual Studio 15
VisualStudioVersion = 15.0.27004.2005
MinimumVisualStudioVersion = 10.0.40219.1
Project("{FAE04EC0-301F-11D3-BF4B-00C04F79EFBC}") = "Xam.MemoMed.Android", "Xam.MemoMed\Xam.MemoMed.Android\Xam.MemoMed.Android.csproj", "{8A318255-AA53-475B-B6B1-7F2D869FAD8E}"
EndProject
Project("{FAE04EC0-301F-11D3-BF4B-00C04F79EFBC}") = "Xam.MemoMed", "Xam.MemoMed\Xam.MemoMed\Xam.MemoMed.csproj", "{80DB4B14-0AAC-45B8-9C8B-07F717B33D2A}"
EndProject
Project("{FAE04EC0-301F-11D3-BF4B-00C04F79EFBC}") = "Xam.MemoMed.iOS", "Xam.MemoMed\Xam.MemoMed.iOS\Xam.MemoMed.iOS.csproj", "{BDA9D83D-2308-4C68-AC5D-4BC24A4BE812}"
EndProject
Project("{FAE04EC0-301F-11D3-BF4B-00C04F79EFBC}") = "Xam.MemoMed.UWP", "Xam.MemoMed\Xam.MemoMed.UWP\Xam.MemoMed.UWP.csproj", "{B1620DAA-2402-4BF4-88B7-75808AA9FE4D}"
EndProject
Global
	GlobalSection(SolutionConfigurationPlatforms) = preSolution
		Ad-Hoc|Any CPU = Ad-Hoc|Any CPU
		Ad-Hoc|ARM = Ad-Hoc|ARM
		Ad-Hoc|iPhone = Ad-Hoc|iPhone
		Ad-Hoc|iPhoneSimulator = Ad-Hoc|iPhoneSimulator
		Ad-Hoc|x64 = Ad-Hoc|x64
		Ad-Hoc|x86 = Ad-Hoc|x86
		AppStore|Any CPU = AppStore|Any CPU
		AppStore|ARM = AppStore|ARM
		AppStore|iPhone = AppStore|iPhone
		AppStore|iPhoneSimulator = AppStore|iPhoneSimulator
		AppStore|x64 = AppStore|x64
		AppStore|x86 = AppStore|x86
		Debug|Any CPU = Debug|Any CPU
		Debug|ARM = Debug|ARM
		Debug|iPhone = Debug|iPhone
		Debug|iPhoneSimulator = Debug|iPhoneSimulator
		Debug|x64 = Debug|x64
		Debug|x86 = Debug|x86
		Release|Any CPU = Release|Any CPU
		Release|ARM = Release|ARM
		Release|iPhone = Release|iPhone
		Release|iPhoneSimulator = Release|iPhoneSimulator
		Release|x64 = Release|x64
		Release|x86 = Release|x86
	EndGlobalSection
	GlobalSection(ProjectConfigurationPlatforms) = postSolution
		{8A318255-AA53-475B-B6B1-7F2D869FAD8E}.Ad-Hoc|Any CPU.ActiveCfg = Release|Any CPU
		{8A318255-AA53-475B-B6B1-7F2D869FAD8E}.Ad-Hoc|Any CPU.Build.0 = Release|Any CPU
		{8A318255-AA53-475B-B6B1-7F2D869FAD8E}.Ad-Hoc|Any CPU.Deploy.0 = Release|Any CPU
		{8A318255-AA53-475B-B6B1-7F2D869FAD8E}.Ad-Hoc|ARM.ActiveCfg = Release|Any CPU
		{8A318255-AA53-475B-B6B1-7F2D869FAD8E}.Ad-Hoc|ARM.Build.0 = Release|Any CPU
		{8A318255-AA53-475B-B6B1-7F2D869FAD8E}.Ad-Hoc|ARM.Deploy.0 = Release|Any CPU
		{8A318255-AA53-475B-B6B1-7F2D869FAD8E}.Ad-Hoc|iPhone.ActiveCfg = Release|Any CPU
		{8A318255-AA53-475B-B6B1-7F2D869FAD8E}.Ad-Hoc|iPhone.Build.0 = Release|Any CPU
		{8A318255-AA53-475B-B6B1-7F2D869FAD8E}.Ad-Hoc|iPhone.Deploy.0 = Release|Any CPU
		{8A318255-AA53-475B-B6B1-7F2D869FAD8E}.Ad-Hoc|iPhoneSimulator.ActiveCfg = Release|Any CPU
		{8A318255-AA53-475B-B6B1-7F2D869FAD8E}.Ad-Hoc|iPhoneSimulator.Build.0 = Release|Any CPU
		{8A318255-AA53-475B-B6B1-7F2D869FAD8E}.Ad-Hoc|iPhoneSimulator.Deploy.0 = Release|Any CPU
		{8A318255-AA53-475B-B6B1-7F2D869FAD8E}.Ad-Hoc|x64.ActiveCfg = Release|Any CPU
		{8A318255-AA53-475B-B6B1-7F2D869FAD8E}.Ad-Hoc|x64.Build.0 = Release|Any CPU
		{8A318255-AA53-475B-B6B1-7F2D869FAD8E}.Ad-Hoc|x64.Deploy.0 = Release|Any CPU
		{8A318255-AA53-475B-B6B1-7F2D869FAD8E}.Ad-Hoc|x86.ActiveCfg = Release|Any CPU
		{8A318255-AA53-475B-B6B1-7F2D869FAD8E}.Ad-Hoc|x86.Build.0 = Release|Any CPU
		{8A318255-AA53-475B-B6B1-7F2D869FAD8E}.Ad-Hoc|x86.Deploy.0 = Release|Any CPU
		{8A318255-AA53-475B-B6B1-7F2D869FAD8E}.AppStore|Any CPU.ActiveCfg = Release|Any CPU
		{8A318255-AA53-475B-B6B1-7F2D869FAD8E}.AppStore|Any CPU.Build.0 = Release|Any CPU
		{8A318255-AA53-475B-B6B1-7F2D869FAD8E}.AppStore|Any CPU.Deploy.0 = Release|Any CPU
		{8A318255-AA53-475B-B6B1-7F2D869FAD8E}.AppStore|ARM.ActiveCfg = Release|Any CPU
		{8A318255-AA53-475B-B6B1-7F2D869FAD8E}.AppStore|ARM.Build.0 = Release|Any CPU
		{8A318255-AA53-475B-B6B1-7F2D869FAD8E}.AppStore|ARM.Deploy.0 = Release|Any CPU
		{8A318255-AA53-475B-B6B1-7F2D869FAD8E}.AppStore|iPhone.ActiveCfg = Release|Any CPU
		{8A318255-AA53-475B-B6B1-7F2D869FAD8E}.AppStore|iPhone.Build.0 = Release|Any CPU
		{8A318255-AA53-475B-B6B1-7F2D869FAD8E}.AppStore|iPhone.Deploy.0 = Release|Any CPU
		{8A318255-AA53-475B-B6B1-7F2D869FAD8E}.AppStore|iPhoneSimulator.ActiveCfg = Release|Any CPU
		{8A318255-AA53-475B-B6B1-7F2D869FAD8E}.AppStore|iPhoneSimulator.Build.0 = Release|Any CPU
		{8A318255-AA53-475B-B6B1-7F2D869FAD8E}.AppStore|iPhoneSimulator.Deploy.0 = Release|Any CPU
		{8A318255-AA53-475B-B6B1-7F2D869FAD8E}.AppStore|x64.ActiveCfg = Release|Any CPU
		{8A318255-AA53-475B-B6B1-7F2D869FAD8E}.AppStore|x64.Build.0 = Release|Any CPU
		{8A318255-AA53-475B-B6B1-7F2D869FAD8E}.AppStore|x64.Deploy.0 = Release|Any CPU
		{8A318255-AA53-475B-B6B1-7F2D869FAD8E}.AppStore|x86.ActiveCfg = Release|Any CPU
		{8A318255-AA53-475B-B6B1-7F2D869FAD8E}.AppStore|x86.Build.0 = Release|Any CPU
		{8A318255-AA53-475B-B6B1-7F2D869FAD8E}.AppStore|x86.Deploy.0 = Release|Any CPU
		{8A318255-AA53-475B-B6B1-7F2D869FAD8E}.Debug|Any CPU.ActiveCfg = Debug|Any CPU
		{8A318255-AA53-475B-B6B1-7F2D869FAD8E}.Debug|Any CPU.Build.0 = Debug|Any CPU
		{8A318255-AA53-475B-B6B1-7F2D869FAD8E}.Debug|Any CPU.Deploy.0 = Debug|Any CPU
		{8A318255-AA53-475B-B6B1-7F2D869FAD8E}.Debug|ARM.ActiveCfg = Debug|Any CPU
		{8A318255-AA53-475B-B6B1-7F2D869FAD8E}.Debug|ARM.Build.0 = Debug|Any CPU
		{8A318255-AA53-475B-B6B1-7F2D869FAD8E}.Debug|ARM.Deploy.0 = Debug|Any CPU
		{8A318255-AA53-475B-B6B1-7F2D869FAD8E}.Debug|iPhone.ActiveCfg = Debug|Any CPU
		{8A318255-AA53-475B-B6B1-7F2D869FAD8E}.Debug|iPhone.Build.0 = Debug|Any CPU
		{8A318255-AA53-475B-B6B1-7F2D869FAD8E}.Debug|iPhone.Deploy.0 = Debug|Any CPU
		{8A318255-AA53-475B-B6B1-7F2D869FAD8E}.Debug|iPhoneSimulator.ActiveCfg = Debug|Any CPU
		{8A318255-AA53-475B-B6B1-7F2D869FAD8E}.Debug|iPhoneSimulator.Build.0 = Debug|Any CPU
		{8A318255-AA53-475B-B6B1-7F2D869FAD8E}.Debug|iPhoneSimulator.Deploy.0 = Debug|Any CPU
		{8A318255-AA53-475B-B6B1-7F2D869FAD8E}.Debug|x64.ActiveCfg = Debug|Any CPU
		{8A318255-AA53-475B-B6B1-7F2D869FAD8E}.Debug|x64.Build.0 = Debug|Any CPU
		{8A318255-AA53-475B-B6B1-7F2D869FAD8E}.Debug|x64.Deploy.0 = Debug|Any CPU
		{8A318255-AA53-475B-B6B1-7F2D869FAD8E}.Debug|x86.ActiveCfg = Debug|Any CPU
		{8A318255-AA53-475B-B6B1-7F2D869FAD8E}.Debug|x86.Build.0 = Debug|Any CPU
		{8A318255-AA53-475B-B6B1-7F2D869FAD8E}.Debug|x86.Deploy.0 = Debug|Any CPU
		{8A318255-AA53-475B-B6B1-7F2D869FAD8E}.Release|Any CPU.ActiveCfg = Release|Any CPU
		{8A318255-AA53-475B-B6B1-7F2D869FAD8E}.Release|Any CPU.Build.0 = Release|Any CPU
		{8A318255-AA53-475B-B6B1-7F2D869FAD8E}.Release|Any CPU.Deploy.0 = Release|Any CPU
		{8A318255-AA53-475B-B6B1-7F2D869FAD8E}.Release|ARM.ActiveCfg = Release|Any CPU
		{8A318255-AA53-475B-B6B1-7F2D869FAD8E}.Release|ARM.Build.0 = Release|Any CPU
		{8A318255-AA53-475B-B6B1-7F2D869FAD8E}.Release|ARM.Deploy.0 = Release|Any CPU
		{8A318255-AA53-475B-B6B1-7F2D869FAD8E}.Release|iPhone.ActiveCfg = Release|Any CPU
		{8A318255-AA53-475B-B6B1-7F2D869FAD8E}.Release|iPhone.Build.0 = Release|Any CPU
		{8A318255-AA53-475B-B6B1-7F2D869FAD8E}.Release|iPhone.Deploy.0 = Release|Any CPU
		{8A318255-AA53-475B-B6B1-7F2D869FAD8E}.Release|iPhoneSimulator.ActiveCfg = Release|Any CPU
		{8A318255-AA53-475B-B6B1-7F2D869FAD8E}.Release|iPhoneSimulator.Build.0 = Release|Any CPU
		{8A318255-AA53-475B-B6B1-7F2D869FAD8E}.Release|iPhoneSimulator.Deploy.0 = Release|Any CPU
		{8A318255-AA53-475B-B6B1-7F2D869FAD8E}.Release|x64.ActiveCfg = Release|Any CPU
		{8A318255-AA53-475B-B6B1-7F2D869FAD8E}.Release|x64.Build.0 = Release|Any CPU
		{8A318255-AA53-475B-B6B1-7F2D869FAD8E}.Release|x64.Deploy.0 = Release|Any CPU
		{8A318255-AA53-475B-B6B1-7F2D869FAD8E}.Release|x86.ActiveCfg = Release|Any CPU
		{8A318255-AA53-475B-B6B1-7F2D869FAD8E}.Release|x86.Build.0 = Release|Any CPU
		{8A318255-AA53-475B-B6B1-7F2D869FAD8E}.Release|x86.Deploy.0 = Release|Any CPU
		{80DB4B14-0AAC-45B8-9C8B-07F717B33D2A}.Ad-Hoc|Any CPU.ActiveCfg = Release|Any CPU
		{80DB4B14-0AAC-45B8-9C8B-07F717B33D2A}.Ad-Hoc|Any CPU.Build.0 = Release|Any CPU
		{80DB4B14-0AAC-45B8-9C8B-07F717B33D2A}.Ad-Hoc|ARM.ActiveCfg = Release|Any CPU
		{80DB4B14-0AAC-45B8-9C8B-07F717B33D2A}.Ad-Hoc|ARM.Build.0 = Release|Any CPU
		{80DB4B14-0AAC-45B8-9C8B-07F717B33D2A}.Ad-Hoc|iPhone.ActiveCfg = Release|Any CPU
		{80DB4B14-0AAC-45B8-9C8B-07F717B33D2A}.Ad-Hoc|iPhone.Build.0 = Release|Any CPU
		{80DB4B14-0AAC-45B8-9C8B-07F717B33D2A}.Ad-Hoc|iPhoneSimulator.ActiveCfg = Release|Any CPU
		{80DB4B14-0AAC-45B8-9C8B-07F717B33D2A}.Ad-Hoc|iPhoneSimulator.Build.0 = Release|Any CPU
		{80DB4B14-0AAC-45B8-9C8B-07F717B33D2A}.Ad-Hoc|x64.ActiveCfg = Release|Any CPU
		{80DB4B14-0AAC-45B8-9C8B-07F717B33D2A}.Ad-Hoc|x64.Build.0 = Release|Any CPU
		{80DB4B14-0AAC-45B8-9C8B-07F717B33D2A}.Ad-Hoc|x86.ActiveCfg = Release|Any CPU
		{80DB4B14-0AAC-45B8-9C8B-07F717B33D2A}.Ad-Hoc|x86.Build.0 = Release|Any CPU
		{80DB4B14-0AAC-45B8-9C8B-07F717B33D2A}.AppStore|Any CPU.ActiveCfg = Release|Any CPU
		{80DB4B14-0AAC-45B8-9C8B-07F717B33D2A}.AppStore|Any CPU.Build.0 = Release|Any CPU
		{80DB4B14-0AAC-45B8-9C8B-07F717B33D2A}.AppStore|ARM.ActiveCfg = Release|Any CPU
		{80DB4B14-0AAC-45B8-9C8B-07F717B33D2A}.AppStore|ARM.Build.0 = Release|Any CPU
		{80DB4B14-0AAC-45B8-9C8B-07F717B33D2A}.AppStore|iPhone.ActiveCfg = Release|Any CPU
		{80DB4B14-0AAC-45B8-9C8B-07F717B33D2A}.AppStore|iPhone.Build.0 = Release|Any CPU
		{80DB4B14-0AAC-45B8-9C8B-07F717B33D2A}.AppStore|iPhoneSimulator.ActiveCfg = Release|Any CPU
		{80DB4B14-0AAC-45B8-9C8B-07F717B33D2A}.AppStore|iPhoneSimulator.Build.0 = Release|Any CPU
		{80DB4B14-0AAC-45B8-9C8B-07F717B33D2A}.AppStore|x64.ActiveCfg = Release|Any CPU
		{80DB4B14-0AAC-45B8-9C8B-07F717B33D2A}.AppStore|x64.Build.0 = Release|Any CPU
		{80DB4B14-0AAC-45B8-9C8B-07F717B33D2A}.AppStore|x86.ActiveCfg = Release|Any CPU
		{80DB4B14-0AAC-45B8-9C8B-07F717B33D2A}.AppStore|x86.Build.0 = Release|Any CPU
		{80DB4B14-0AAC-45B8-9C8B-07F717B33D2A}.Debug|Any CPU.ActiveCfg = Debug|Any CPU
		{80DB4B14-0AAC-45B8-9C8B-07F717B33D2A}.Debug|Any CPU.Build.0 = Debug|Any CPU
		{80DB4B14-0AAC-45B8-9C8B-07F717B33D2A}.Debug|ARM.ActiveCfg = Debug|Any CPU
		{80DB4B14-0AAC-45B8-9C8B-07F717B33D2A}.Debug|ARM.Build.0 = Debug|Any CPU
		{80DB4B14-0AAC-45B8-9C8B-07F717B33D2A}.Debug|iPhone.ActiveCfg = Debug|Any CPU
		{80DB4B14-0AAC-45B8-9C8B-07F717B33D2A}.Debug|iPhone.Build.0 = Debug|Any CPU
		{80DB4B14-0AAC-45B8-9C8B-07F717B33D2A}.Debug|iPhoneSimulator.ActiveCfg = Debug|Any CPU
		{80DB4B14-0AAC-45B8-9C8B-07F717B33D2A}.Debug|iPhoneSimulator.Build.0 = Debug|Any CPU
		{80DB4B14-0AAC-45B8-9C8B-07F717B33D2A}.Debug|x64.ActiveCfg = Debug|Any CPU
		{80DB4B14-0AAC-45B8-9C8B-07F717B33D2A}.Debug|x64.Build.0 = Debug|Any CPU
		{80DB4B14-0AAC-45B8-9C8B-07F717B33D2A}.Debug|x86.ActiveCfg = Debug|Any CPU
		{80DB4B14-0AAC-45B8-9C8B-07F717B33D2A}.Debug|x86.Build.0 = Debug|Any CPU
		{80DB4B14-0AAC-45B8-9C8B-07F717B33D2A}.Release|Any CPU.ActiveCfg = Release|Any CPU
		{80DB4B14-0AAC-45B8-9C8B-07F717B33D2A}.Release|Any CPU.Build.0 = Release|Any CPU
		{80DB4B14-0AAC-45B8-9C8B-07F717B33D2A}.Release|ARM.ActiveCfg = Release|Any CPU
		{80DB4B14-0AAC-45B8-9C8B-07F717B33D2A}.Release|ARM.Build.0 = Release|Any CPU
		{80DB4B14-0AAC-45B8-9C8B-07F717B33D2A}.Release|iPhone.ActiveCfg = Release|Any CPU
		{80DB4B14-0AAC-45B8-9C8B-07F717B33D2A}.Release|iPhone.Build.0 = Release|Any CPU
		{80DB4B14-0AAC-45B8-9C8B-07F717B33D2A}.Release|iPhoneSimulator.ActiveCfg = Release|Any CPU
		{80DB4B14-0AAC-45B8-9C8B-07F717B33D2A}.Release|iPhoneSimulator.Build.0 = Release|Any CPU
		{80DB4B14-0AAC-45B8-9C8B-07F717B33D2A}.Release|x64.ActiveCfg = Release|Any CPU
		{80DB4B14-0AAC-45B8-9C8B-07F717B33D2A}.Release|x64.Build.0 = Release|Any CPU
		{80DB4B14-0AAC-45B8-9C8B-07F717B33D2A}.Release|x86.ActiveCfg = Release|Any CPU
		{80DB4B14-0AAC-45B8-9C8B-07F717B33D2A}.Release|x86.Build.0 = Release|Any CPU
		{BDA9D83D-2308-4C68-AC5D-4BC24A4BE812}.Ad-Hoc|Any CPU.ActiveCfg = Ad-Hoc|iPhoneSimulator
		{BDA9D83D-2308-4C68-AC5D-4BC24A4BE812}.Ad-Hoc|ARM.ActiveCfg = Ad-Hoc|iPhone
		{BDA9D83D-2308-4C68-AC5D-4BC24A4BE812}.Ad-Hoc|iPhone.ActiveCfg = Ad-Hoc|iPhone
		{BDA9D83D-2308-4C68-AC5D-4BC24A4BE812}.Ad-Hoc|iPhone.Build.0 = Ad-Hoc|iPhone
		{BDA9D83D-2308-4C68-AC5D-4BC24A4BE812}.Ad-Hoc|iPhoneSimulator.ActiveCfg = Ad-Hoc|iPhoneSimulator
		{BDA9D83D-2308-4C68-AC5D-4BC24A4BE812}.Ad-Hoc|iPhoneSimulator.Build.0 = Ad-Hoc|iPhoneSimulator
		{BDA9D83D-2308-4C68-AC5D-4BC24A4BE812}.Ad-Hoc|x64.ActiveCfg = Ad-Hoc|iPhone
		{BDA9D83D-2308-4C68-AC5D-4BC24A4BE812}.Ad-Hoc|x86.ActiveCfg = Ad-Hoc|iPhone
		{BDA9D83D-2308-4C68-AC5D-4BC24A4BE812}.AppStore|Any CPU.ActiveCfg = AppStore|iPhoneSimulator
		{BDA9D83D-2308-4C68-AC5D-4BC24A4BE812}.AppStore|ARM.ActiveCfg = AppStore|iPhone
		{BDA9D83D-2308-4C68-AC5D-4BC24A4BE812}.AppStore|iPhone.ActiveCfg = AppStore|iPhone
		{BDA9D83D-2308-4C68-AC5D-4BC24A4BE812}.AppStore|iPhone.Build.0 = AppStore|iPhone
		{BDA9D83D-2308-4C68-AC5D-4BC24A4BE812}.AppStore|iPhoneSimulator.ActiveCfg = AppStore|iPhoneSimulator
		{BDA9D83D-2308-4C68-AC5D-4BC24A4BE812}.AppStore|iPhoneSimulator.Build.0 = AppStore|iPhoneSimulator
		{BDA9D83D-2308-4C68-AC5D-4BC24A4BE812}.AppStore|x64.ActiveCfg = AppStore|iPhone
		{BDA9D83D-2308-4C68-AC5D-4BC24A4BE812}.AppStore|x86.ActiveCfg = AppStore|iPhone
		{BDA9D83D-2308-4C68-AC5D-4BC24A4BE812}.Debug|Any CPU.ActiveCfg = Debug|iPhoneSimulator
		{BDA9D83D-2308-4C68-AC5D-4BC24A4BE812}.Debug|ARM.ActiveCfg = Debug|iPhone
		{BDA9D83D-2308-4C68-AC5D-4BC24A4BE812}.Debug|iPhone.ActiveCfg = Debug|iPhone
		{BDA9D83D-2308-4C68-AC5D-4BC24A4BE812}.Debug|iPhone.Build.0 = Debug|iPhone
		{BDA9D83D-2308-4C68-AC5D-4BC24A4BE812}.Debug|iPhoneSimulator.ActiveCfg = Debug|iPhoneSimulator
		{BDA9D83D-2308-4C68-AC5D-4BC24A4BE812}.Debug|iPhoneSimulator.Build.0 = Debug|iPhoneSimulator
		{BDA9D83D-2308-4C68-AC5D-4BC24A4BE812}.Debug|x64.ActiveCfg = Debug|iPhone
		{BDA9D83D-2308-4C68-AC5D-4BC24A4BE812}.Debug|x86.ActiveCfg = Debug|iPhone
		{BDA9D83D-2308-4C68-AC5D-4BC24A4BE812}.Release|Any CPU.ActiveCfg = Release|iPhoneSimulator
		{BDA9D83D-2308-4C68-AC5D-4BC24A4BE812}.Release|ARM.ActiveCfg = Release|iPhone
		{BDA9D83D-2308-4C68-AC5D-4BC24A4BE812}.Release|iPhone.ActiveCfg = Release|iPhone
		{BDA9D83D-2308-4C68-AC5D-4BC24A4BE812}.Release|iPhone.Build.0 = Release|iPhone
		{BDA9D83D-2308-4C68-AC5D-4BC24A4BE812}.Release|iPhoneSimulator.ActiveCfg = Release|iPhoneSimulator
		{BDA9D83D-2308-4C68-AC5D-4BC24A4BE812}.Release|iPhoneSimulator.Build.0 = Release|iPhoneSimulator
		{BDA9D83D-2308-4C68-AC5D-4BC24A4BE812}.Release|x64.ActiveCfg = Release|iPhone
		{BDA9D83D-2308-4C68-AC5D-4BC24A4BE812}.Release|x86.ActiveCfg = Release|iPhone
		{B1620DAA-2402-4BF4-88B7-75808AA9FE4D}.Ad-Hoc|Any CPU.ActiveCfg = Release|x86
		{B1620DAA-2402-4BF4-88B7-75808AA9FE4D}.Ad-Hoc|Any CPU.Build.0 = Release|x86
		{B1620DAA-2402-4BF4-88B7-75808AA9FE4D}.Ad-Hoc|Any CPU.Deploy.0 = Release|x86
		{B1620DAA-2402-4BF4-88B7-75808AA9FE4D}.Ad-Hoc|ARM.ActiveCfg = Release|ARM
		{B1620DAA-2402-4BF4-88B7-75808AA9FE4D}.Ad-Hoc|ARM.Build.0 = Release|ARM
		{B1620DAA-2402-4BF4-88B7-75808AA9FE4D}.Ad-Hoc|ARM.Deploy.0 = Release|ARM
		{B1620DAA-2402-4BF4-88B7-75808AA9FE4D}.Ad-Hoc|iPhone.ActiveCfg = Release|x86
		{B1620DAA-2402-4BF4-88B7-75808AA9FE4D}.Ad-Hoc|iPhone.Build.0 = Release|x86
		{B1620DAA-2402-4BF4-88B7-75808AA9FE4D}.Ad-Hoc|iPhone.Deploy.0 = Release|x86
		{B1620DAA-2402-4BF4-88B7-75808AA9FE4D}.Ad-Hoc|iPhoneSimulator.ActiveCfg = Release|x86
		{B1620DAA-2402-4BF4-88B7-75808AA9FE4D}.Ad-Hoc|iPhoneSimulator.Build.0 = Release|x86
		{B1620DAA-2402-4BF4-88B7-75808AA9FE4D}.Ad-Hoc|iPhoneSimulator.Deploy.0 = Release|x86
		{B1620DAA-2402-4BF4-88B7-75808AA9FE4D}.Ad-Hoc|x64.ActiveCfg = Release|x64
		{B1620DAA-2402-4BF4-88B7-75808AA9FE4D}.Ad-Hoc|x64.Build.0 = Release|x64
		{B1620DAA-2402-4BF4-88B7-75808AA9FE4D}.Ad-Hoc|x64.Deploy.0 = Release|x64
		{B1620DAA-2402-4BF4-88B7-75808AA9FE4D}.Ad-Hoc|x86.ActiveCfg = Release|x86
		{B1620DAA-2402-4BF4-88B7-75808AA9FE4D}.Ad-Hoc|x86.Build.0 = Release|x86
		{B1620DAA-2402-4BF4-88B7-75808AA9FE4D}.Ad-Hoc|x86.Deploy.0 = Release|x86
		{B1620DAA-2402-4BF4-88B7-75808AA9FE4D}.AppStore|Any CPU.ActiveCfg = Release|x86
		{B1620DAA-2402-4BF4-88B7-75808AA9FE4D}.AppStore|Any CPU.Build.0 = Release|x86
		{B1620DAA-2402-4BF4-88B7-75808AA9FE4D}.AppStore|Any CPU.Deploy.0 = Release|x86
		{B1620DAA-2402-4BF4-88B7-75808AA9FE4D}.AppStore|ARM.ActiveCfg = Release|ARM
		{B1620DAA-2402-4BF4-88B7-75808AA9FE4D}.AppStore|ARM.Build.0 = Release|ARM
		{B1620DAA-2402-4BF4-88B7-75808AA9FE4D}.AppStore|ARM.Deploy.0 = Release|ARM
		{B1620DAA-2402-4BF4-88B7-75808AA9FE4D}.AppStore|iPhone.ActiveCfg = Release|x86
		{B1620DAA-2402-4BF4-88B7-75808AA9FE4D}.AppStore|iPhone.Build.0 = Release|x86
		{B1620DAA-2402-4BF4-88B7-75808AA9FE4D}.AppStore|iPhone.Deploy.0 = Release|x86
		{B1620DAA-2402-4BF4-88B7-75808AA9FE4D}.AppStore|iPhoneSimulator.ActiveCfg = Release|x86
		{B1620DAA-2402-4BF4-88B7-75808AA9FE4D}.AppStore|iPhoneSimulator.Build.0 = Release|x86
		{B1620DAA-2402-4BF4-88B7-75808AA9FE4D}.AppStore|iPhoneSimulator.Deploy.0 = Release|x86
		{B1620DAA-2402-4BF4-88B7-75808AA9FE4D}.AppStore|x64.ActiveCfg = Release|x64
		{B1620DAA-2402-4BF4-88B7-75808AA9FE4D}.AppStore|x64.Build.0 = Release|x64
		{B1620DAA-2402-4BF4-88B7-75808AA9FE4D}.AppStore|x64.Deploy.0 = Release|x64
		{B1620DAA-2402-4BF4-88B7-75808AA9FE4D}.AppStore|x86.ActiveCfg = Release|x86
		{B1620DAA-2402-4BF4-88B7-75808AA9FE4D}.AppStore|x86.Build.0 = Release|x86
		{B1620DAA-2402-4BF4-88B7-75808AA9FE4D}.AppStore|x86.Deploy.0 = Release|x86
		{B1620DAA-2402-4BF4-88B7-75808AA9FE4D}.Debug|Any CPU.ActiveCfg = Debug|x86
		{B1620DAA-2402-4BF4-88B7-75808AA9FE4D}.Debug|ARM.ActiveCfg = Debug|ARM
		{B1620DAA-2402-4BF4-88B7-75808AA9FE4D}.Debug|ARM.Build.0 = Debug|ARM
		{B1620DAA-2402-4BF4-88B7-75808AA9FE4D}.Debug|ARM.Deploy.0 = Debug|ARM
		{B1620DAA-2402-4BF4-88B7-75808AA9FE4D}.Debug|iPhone.ActiveCfg = Debug|x86
		{B1620DAA-2402-4BF4-88B7-75808AA9FE4D}.Debug|iPhoneSimulator.ActiveCfg = Debug|x86
		{B1620DAA-2402-4BF4-88B7-75808AA9FE4D}.Debug|x64.ActiveCfg = Debug|x64
		{B1620DAA-2402-4BF4-88B7-75808AA9FE4D}.Debug|x64.Build.0 = Debug|x64
		{B1620DAA-2402-4BF4-88B7-75808AA9FE4D}.Debug|x64.Deploy.0 = Debug|x64
		{B1620DAA-2402-4BF4-88B7-75808AA9FE4D}.Debug|x86.ActiveCfg = Debug|x86
		{B1620DAA-2402-4BF4-88B7-75808AA9FE4D}.Debug|x86.Build.0 = Debug|x86
		{B1620DAA-2402-4BF4-88B7-75808AA9FE4D}.Debug|x86.Deploy.0 = Debug|x86
		{B1620DAA-2402-4BF4-88B7-75808AA9FE4D}.Release|Any CPU.ActiveCfg = Release|x86
		{B1620DAA-2402-4BF4-88B7-75808AA9FE4D}.Release|ARM.ActiveCfg = Release|ARM
		{B1620DAA-2402-4BF4-88B7-75808AA9FE4D}.Release|ARM.Build.0 = Release|ARM
		{B1620DAA-2402-4BF4-88B7-75808AA9FE4D}.Release|ARM.Deploy.0 = Release|ARM
		{B1620DAA-2402-4BF4-88B7-75808AA9FE4D}.Release|iPhone.ActiveCfg = Release|x86
		{B1620DAA-2402-4BF4-88B7-75808AA9FE4D}.Release|iPhoneSimulator.ActiveCfg = Release|x86
		{B1620DAA-2402-4BF4-88B7-75808AA9FE4D}.Release|x64.ActiveCfg = Release|x64
		{B1620DAA-2402-4BF4-88B7-75808AA9FE4D}.Release|x64.Build.0 = Release|x64
		{B1620DAA-2402-4BF4-88B7-75808AA9FE4D}.Release|x64.Deploy.0 = Release|x64
		{B1620DAA-2402-4BF4-88B7-75808AA9FE4D}.Release|x86.ActiveCfg = Release|x86
		{B1620DAA-2402-4BF4-88B7-75808AA9FE4D}.Release|x86.Build.0 = Release|x86
		{B1620DAA-2402-4BF4-88B7-75808AA9FE4D}.Release|x86.Deploy.0 = Release|x86
	EndGlobalSection
	GlobalSection(SolutionProperties) = preSolution
		HideSolutionNode = FALSE
	EndGlobalSection
	GlobalSection(ExtensibilityGlobals) = postSolution
		SolutionGuid = {C216913D-90AA-4419-8BFB-CB6BE6B1F3B3}
	EndGlobalSection
EndGlobal
